
Microsoft Visual Studio Solution File, Format Version 12.00
# Visual Studio Version 17
VisualStudioVersion = 17.1.31911.260
MinimumVisualStudioVersion = 10.0.40219.1
Project("{2150E333-8FDC-42A3-9474-1A3956D46DE8}") = "src", "src", "{F71F1DAC-BD40-4112-8829-FCCFF65A8A23}"
	ProjectSection(SolutionItems) = preProject
		src\Directory.Build.props = src\Directory.Build.props
	EndProjectSection
EndProject
Project("{9A19103F-16F7-4668-BE54-9A1E7A4F7556}") = "Zomp.EFCore.WindowFunctions", "src\Zomp.EFCore.WindowFunctions\Zomp.EFCore.WindowFunctions.csproj", "{C8334CC7-29F2-48A2-BD76-75406E59C46F}"
EndProject
Project("{2150E333-8FDC-42A3-9474-1A3956D46DE8}") = "tests", "tests", "{941686A1-8DDE-4D64-AA18-3AC347935CAF}"
	ProjectSection(SolutionItems) = preProject
		tests\Directory.Build.props = tests\Directory.Build.props
	EndProjectSection
EndProject
Project("{9A19103F-16F7-4668-BE54-9A1E7A4F7556}") = "Zomp.EFCore.WindowFunctions.SqlServer.Tests", "tests\Zomp.EFCore.WindowFunctions.SqlServer.Tests\Zomp.EFCore.WindowFunctions.SqlServer.Tests.csproj", "{DFB5C7D7-00FD-421C-BA2D-93A739E8ADB2}"
EndProject
Project("{2150E333-8FDC-42A3-9474-1A3956D46DE8}") = "Solution Items", "Solution Items", "{528A7E80-5391-4750-B0B4-47B05160E73A}"
	ProjectSection(SolutionItems) = preProject
		.editorconfig = .editorconfig
		.gitattributes = .gitattributes
		.gitignore = .gitignore
		Directory.Build.props = Directory.Build.props
		Directory.Build.targets = Directory.Build.targets
		Directory.Packages.props = Directory.Packages.props
		LICENSE = LICENSE
		NuGet.Config = NuGet.Config
		package.json = package.json
		stylecop.json = stylecop.json
		switcher.json = switcher.json
		version.json = version.json
	EndProjectSection
EndProject
Project("{9A19103F-16F7-4668-BE54-9A1E7A4F7556}") = "Zomp.EFCore.WindowFunctions.SqlServer", "src\Zomp.EFCore.WindowFunctions.SqlServer\Zomp.EFCore.WindowFunctions.SqlServer.csproj", "{25596004-428F-400A-A02C-21A079C3CD3E}"
EndProject
Project("{9A19103F-16F7-4668-BE54-9A1E7A4F7556}") = "Zomp.EFCore.WindowFunctions.Testing", "tests\Zomp.EFCore.WindowFunctions.Testing\Zomp.EFCore.WindowFunctions.Testing.csproj", "{39355197-4FBB-4007-BE49-3CEB8ADA4CEF}"
EndProject
Project("{9A19103F-16F7-4668-BE54-9A1E7A4F7556}") = "Zomp.EFCore.WindowFunctions.Sqlite", "src\Zomp.EFCore.WindowFunctions.Sqlite\Zomp.EFCore.WindowFunctions.Sqlite.csproj", "{914B3C27-AC1A-40A7-BCD1-05C0BC323582}"
EndProject
Project("{9A19103F-16F7-4668-BE54-9A1E7A4F7556}") = "Zomp.EFCore.WindowFunctions.Sqlite.Tests", "tests\Zomp.EFCore.WindowFunctions.Sqlite.Tests\Zomp.EFCore.WindowFunctions.Sqlite.Tests.csproj", "{E0FB8AB7-1527-4273-9276-E26F3C763A52}"
EndProject
Project("{9A19103F-16F7-4668-BE54-9A1E7A4F7556}") = "Zomp.EFCore.WindowFunctions.Npgsql", "src\Zomp.EFCore.WindowFunctions.Npgsql\Zomp.EFCore.WindowFunctions.Npgsql.csproj", "{F0788EED-5EC7-4235-BCA2-53DC25032F3A}"
EndProject
Project("{9A19103F-16F7-4668-BE54-9A1E7A4F7556}") = "Zomp.EFCore.WindowFunctions.Npgsql.Tests", "tests\Zomp.EFCore.WindowFunctions.Npgsql.Tests\Zomp.EFCore.WindowFunctions.Npgsql.Tests.csproj", "{F5AA2804-F1A1-45E6-9720-21F45FA12053}"
EndProject
Project("{2150E333-8FDC-42A3-9474-1A3956D46DE8}") = ".husky", ".husky", "{B384908E-0336-42C2-A7FC-7731326685A3}"
	ProjectSection(SolutionItems) = preProject
		.husky\pre-commit = .husky\pre-commit
	EndProjectSection
EndProject
Project("{2150E333-8FDC-42A3-9474-1A3956D46DE8}") = ".config", ".config", "{48BD9AB4-212E-4DC5-BE8B-8DE6DC517693}"
	ProjectSection(SolutionItems) = preProject
		.config\dotnet-tools.json = .config\dotnet-tools.json
	EndProjectSection
EndProject
Project("{2150E333-8FDC-42A3-9474-1A3956D46DE8}") = ".github", ".github", "{9AB2DDC4-6B47-459A-B85B-21C859955199}"
EndProject
Project("{2150E333-8FDC-42A3-9474-1A3956D46DE8}") = "workflows", "workflows", "{81943614-4271-4E5F-A7EE-040DA21A12A2}"
	ProjectSection(SolutionItems) = preProject
		.github\workflows\build.yml = .github\workflows\build.yml
	EndProjectSection
EndProject
Project("{9A19103F-16F7-4668-BE54-9A1E7A4F7556}") = "Zomp.EFCore.BinaryFunctions", "src\Zomp.EFCore.BinaryFunctions\Zomp.EFCore.BinaryFunctions.csproj", "{2F3AE5AA-FF74-4811-9708-F0806A64844E}"
EndProject
Project("{9A19103F-16F7-4668-BE54-9A1E7A4F7556}") = "Zomp.EFCore.BinaryFunctions.Testing", "tests\Zomp.EFCore.BinaryFunctions.Testing\Zomp.EFCore.BinaryFunctions.Testing.csproj", "{C1EA7505-868D-49C1-B0FC-8177BA527569}"
EndProject
Project("{9A19103F-16F7-4668-BE54-9A1E7A4F7556}") = "Zomp.EFCore.Testing", "tests\Zomp.EFCore.Testing\Zomp.EFCore.Testing.csproj", "{21DC1358-477F-4CF0-BAB1-2DEA0BCFD6EC}"
EndProject
Project("{9A19103F-16F7-4668-BE54-9A1E7A4F7556}") = "Zomp.EFCore.BinaryFunctions.SqlServer", "src\Zomp.EFCore.BinaryFunctions.SqlServer\Zomp.EFCore.BinaryFunctions.SqlServer.csproj", "{7D9152AE-FC05-4AC4-B4E8-C6AA748FCECA}"
EndProject
Project("{9A19103F-16F7-4668-BE54-9A1E7A4F7556}") = "Zomp.EFCore.BinaryFunctions.SqlServer.Tests", "tests\Zomp.EFCore.BinaryFunctions.SqlServer.Tests\Zomp.EFCore.BinaryFunctions.SqlServer.Tests.csproj", "{58F3FFDB-5E36-405C-AFDC-C9889682BA55}"
EndProject
Project("{9A19103F-16F7-4668-BE54-9A1E7A4F7556}") = "Zomp.EFCore.BinaryFunctions.Npgsql", "src\Zomp.EFCore.BinaryFunctions.Npgsql\Zomp.EFCore.BinaryFunctions.Npgsql.csproj", "{1D059F4B-134B-4AD5-BC43-5CE861BC799D}"
EndProject
Project("{9A19103F-16F7-4668-BE54-9A1E7A4F7556}") = "Zomp.EFCore.BinaryFunctions.Npgsql.Tests", "tests\Zomp.EFCore.BinaryFunctions.Npgsql.Tests\Zomp.EFCore.BinaryFunctions.Npgsql.Tests.csproj", "{A0910646-19DD-438D-B674-C53F9CBE2A7F}"
EndProject
Project("{9A19103F-16F7-4668-BE54-9A1E7A4F7556}") = "Zomp.EFCore.BinaryFunctions.Sqlite", "src\Zomp.EFCore.BinaryFunctions.Sqlite\Zomp.EFCore.BinaryFunctions.Sqlite.csproj", "{49B737C9-3468-40B3-ABA1-F5E25A48790A}"
EndProject
Project("{9A19103F-16F7-4668-BE54-9A1E7A4F7556}") = "Zomp.EFCore.BinaryFunctions.Sqlite.Tests", "tests\Zomp.EFCore.BinaryFunctions.Sqlite.Tests\Zomp.EFCore.BinaryFunctions.Sqlite.Tests.csproj", "{26510426-A698-4CD6-B58E-8A08DBFB0EB9}"
EndProject
Project("{9A19103F-16F7-4668-BE54-9A1E7A4F7556}") = "Zomp.EFCore.Combined.Npgsql.Tests", "tests\Zomp.EFCore.Combined.Npgsql.Tests\Zomp.EFCore.Combined.Npgsql.Tests.csproj", "{1EA3139E-35BF-43BA-BAA5-1ED2D6248E4C}"
EndProject
Project("{9A19103F-16F7-4668-BE54-9A1E7A4F7556}") = "Zomp.EFCore.Combined.SqlServer.Tests", "tests\Zomp.EFCore.Combined.SqlServer.Tests\Zomp.EFCore.Combined.SqlServer.Tests.csproj", "{242C14CE-EFC5-4582-A761-B78207111CD9}"
EndProject
Project("{9A19103F-16F7-4668-BE54-9A1E7A4F7556}") = "Zomp.EFCore.Combined.Sqlite.Tests", "tests\Zomp.EFCore.Combined.Sqlite.Tests\Zomp.EFCore.Combined.Sqlite.Tests.csproj", "{E723EBB7-E77A-482D-B862-A86BD6CECC8B}"
EndProject
Project("{9A19103F-16F7-4668-BE54-9A1E7A4F7556}") = "Zomp.EFCore.Combined.Testing", "tests\Zomp.EFCore.Combined.Testing\Zomp.EFCore.Combined.Testing.csproj", "{BCF7993C-2B7D-43A3-B99B-1E32072031FB}"
EndProject
Global
	GlobalSection(SolutionConfigurationPlatforms) = preSolution
		Debug|Any CPU = Debug|Any CPU
		Release|Any CPU = Release|Any CPU
	EndGlobalSection
	GlobalSection(ProjectConfigurationPlatforms) = postSolution
		{C8334CC7-29F2-48A2-BD76-75406E59C46F}.Debug|Any CPU.ActiveCfg = Debug|Any CPU
		{C8334CC7-29F2-48A2-BD76-75406E59C46F}.Debug|Any CPU.Build.0 = Debug|Any CPU
		{C8334CC7-29F2-48A2-BD76-75406E59C46F}.Release|Any CPU.ActiveCfg = Release|Any CPU
		{C8334CC7-29F2-48A2-BD76-75406E59C46F}.Release|Any CPU.Build.0 = Release|Any CPU
		{DFB5C7D7-00FD-421C-BA2D-93A739E8ADB2}.Debug|Any CPU.ActiveCfg = Debug|Any CPU
		{DFB5C7D7-00FD-421C-BA2D-93A739E8ADB2}.Debug|Any CPU.Build.0 = Debug|Any CPU
		{DFB5C7D7-00FD-421C-BA2D-93A739E8ADB2}.Release|Any CPU.ActiveCfg = Release|Any CPU
		{DFB5C7D7-00FD-421C-BA2D-93A739E8ADB2}.Release|Any CPU.Build.0 = Release|Any CPU
		{25596004-428F-400A-A02C-21A079C3CD3E}.Debug|Any CPU.ActiveCfg = Debug|Any CPU
		{25596004-428F-400A-A02C-21A079C3CD3E}.Debug|Any CPU.Build.0 = Debug|Any CPU
		{25596004-428F-400A-A02C-21A079C3CD3E}.Release|Any CPU.ActiveCfg = Release|Any CPU
		{25596004-428F-400A-A02C-21A079C3CD3E}.Release|Any CPU.Build.0 = Release|Any CPU
		{39355197-4FBB-4007-BE49-3CEB8ADA4CEF}.Debug|Any CPU.ActiveCfg = Debug|Any CPU
		{39355197-4FBB-4007-BE49-3CEB8ADA4CEF}.Debug|Any CPU.Build.0 = Debug|Any CPU
		{39355197-4FBB-4007-BE49-3CEB8ADA4CEF}.Release|Any CPU.ActiveCfg = Release|Any CPU
		{39355197-4FBB-4007-BE49-3CEB8ADA4CEF}.Release|Any CPU.Build.0 = Release|Any CPU
		{914B3C27-AC1A-40A7-BCD1-05C0BC323582}.Debug|Any CPU.ActiveCfg = Debug|Any CPU
		{914B3C27-AC1A-40A7-BCD1-05C0BC323582}.Debug|Any CPU.Build.0 = Debug|Any CPU
		{914B3C27-AC1A-40A7-BCD1-05C0BC323582}.Release|Any CPU.ActiveCfg = Release|Any CPU
		{914B3C27-AC1A-40A7-BCD1-05C0BC323582}.Release|Any CPU.Build.0 = Release|Any CPU
		{E0FB8AB7-1527-4273-9276-E26F3C763A52}.Debug|Any CPU.ActiveCfg = Debug|Any CPU
		{E0FB8AB7-1527-4273-9276-E26F3C763A52}.Debug|Any CPU.Build.0 = Debug|Any CPU
		{E0FB8AB7-1527-4273-9276-E26F3C763A52}.Release|Any CPU.ActiveCfg = Release|Any CPU
		{E0FB8AB7-1527-4273-9276-E26F3C763A52}.Release|Any CPU.Build.0 = Release|Any CPU
		{F0788EED-5EC7-4235-BCA2-53DC25032F3A}.Debug|Any CPU.ActiveCfg = Debug|Any CPU
		{F0788EED-5EC7-4235-BCA2-53DC25032F3A}.Debug|Any CPU.Build.0 = Debug|Any CPU
		{F0788EED-5EC7-4235-BCA2-53DC25032F3A}.Release|Any CPU.ActiveCfg = Release|Any CPU
		{F0788EED-5EC7-4235-BCA2-53DC25032F3A}.Release|Any CPU.Build.0 = Release|Any CPU
		{F5AA2804-F1A1-45E6-9720-21F45FA12053}.Debug|Any CPU.ActiveCfg = Debug|Any CPU
		{F5AA2804-F1A1-45E6-9720-21F45FA12053}.Debug|Any CPU.Build.0 = Debug|Any CPU
		{F5AA2804-F1A1-45E6-9720-21F45FA12053}.Release|Any CPU.ActiveCfg = Release|Any CPU
		{F5AA2804-F1A1-45E6-9720-21F45FA12053}.Release|Any CPU.Build.0 = Release|Any CPU
		{2F3AE5AA-FF74-4811-9708-F0806A64844E}.Debug|Any CPU.ActiveCfg = Debug|Any CPU
		{2F3AE5AA-FF74-4811-9708-F0806A64844E}.Debug|Any CPU.Build.0 = Debug|Any CPU
		{2F3AE5AA-FF74-4811-9708-F0806A64844E}.Release|Any CPU.ActiveCfg = Release|Any CPU
		{2F3AE5AA-FF74-4811-9708-F0806A64844E}.Release|Any CPU.Build.0 = Release|Any CPU
		{C1EA7505-868D-49C1-B0FC-8177BA527569}.Debug|Any CPU.ActiveCfg = Debug|Any CPU
		{C1EA7505-868D-49C1-B0FC-8177BA527569}.Debug|Any CPU.Build.0 = Debug|Any CPU
		{C1EA7505-868D-49C1-B0FC-8177BA527569}.Release|Any CPU.ActiveCfg = Release|Any CPU
		{C1EA7505-868D-49C1-B0FC-8177BA527569}.Release|Any CPU.Build.0 = Release|Any CPU
		{21DC1358-477F-4CF0-BAB1-2DEA0BCFD6EC}.Debug|Any CPU.ActiveCfg = Debug|Any CPU
		{21DC1358-477F-4CF0-BAB1-2DEA0BCFD6EC}.Debug|Any CPU.Build.0 = Debug|Any CPU
		{21DC1358-477F-4CF0-BAB1-2DEA0BCFD6EC}.Release|Any CPU.ActiveCfg = Release|Any CPU
		{21DC1358-477F-4CF0-BAB1-2DEA0BCFD6EC}.Release|Any CPU.Build.0 = Release|Any CPU
		{7D9152AE-FC05-4AC4-B4E8-C6AA748FCECA}.Debug|Any CPU.ActiveCfg = Debug|Any CPU
		{7D9152AE-FC05-4AC4-B4E8-C6AA748FCECA}.Debug|Any CPU.Build.0 = Debug|Any CPU
		{7D9152AE-FC05-4AC4-B4E8-C6AA748FCECA}.Release|Any CPU.ActiveCfg = Release|Any CPU
		{7D9152AE-FC05-4AC4-B4E8-C6AA748FCECA}.Release|Any CPU.Build.0 = Release|Any CPU
		{58F3FFDB-5E36-405C-AFDC-C9889682BA55}.Debug|Any CPU.ActiveCfg = Debug|Any CPU
		{58F3FFDB-5E36-405C-AFDC-C9889682BA55}.Debug|Any CPU.Build.0 = Debug|Any CPU
		{58F3FFDB-5E36-405C-AFDC-C9889682BA55}.Release|Any CPU.ActiveCfg = Release|Any CPU
		{58F3FFDB-5E36-405C-AFDC-C9889682BA55}.Release|Any CPU.Build.0 = Release|Any CPU
		{1D059F4B-134B-4AD5-BC43-5CE861BC799D}.Debug|Any CPU.ActiveCfg = Debug|Any CPU
		{1D059F4B-134B-4AD5-BC43-5CE861BC799D}.Debug|Any CPU.Build.0 = Debug|Any CPU
		{1D059F4B-134B-4AD5-BC43-5CE861BC799D}.Release|Any CPU.ActiveCfg = Release|Any CPU
		{1D059F4B-134B-4AD5-BC43-5CE861BC799D}.Release|Any CPU.Build.0 = Release|Any CPU
		{A0910646-19DD-438D-B674-C53F9CBE2A7F}.Debug|Any CPU.ActiveCfg = Debug|Any CPU
		{A0910646-19DD-438D-B674-C53F9CBE2A7F}.Debug|Any CPU.Build.0 = Debug|Any CPU
		{A0910646-19DD-438D-B674-C53F9CBE2A7F}.Release|Any CPU.ActiveCfg = Release|Any CPU
		{A0910646-19DD-438D-B674-C53F9CBE2A7F}.Release|Any CPU.Build.0 = Release|Any CPU
		{49B737C9-3468-40B3-ABA1-F5E25A48790A}.Debug|Any CPU.ActiveCfg = Debug|Any CPU
		{49B737C9-3468-40B3-ABA1-F5E25A48790A}.Debug|Any CPU.Build.0 = Debug|Any CPU
		{49B737C9-3468-40B3-ABA1-F5E25A48790A}.Release|Any CPU.ActiveCfg = Release|Any CPU
		{49B737C9-3468-40B3-ABA1-F5E25A48790A}.Release|Any CPU.Build.0 = Release|Any CPU
		{26510426-A698-4CD6-B58E-8A08DBFB0EB9}.Debug|Any CPU.ActiveCfg = Debug|Any CPU
		{26510426-A698-4CD6-B58E-8A08DBFB0EB9}.Debug|Any CPU.Build.0 = Debug|Any CPU
		{26510426-A698-4CD6-B58E-8A08DBFB0EB9}.Release|Any CPU.ActiveCfg = Release|Any CPU
		{26510426-A698-4CD6-B58E-8A08DBFB0EB9}.Release|Any CPU.Build.0 = Release|Any CPU
		{1EA3139E-35BF-43BA-BAA5-1ED2D6248E4C}.Debug|Any CPU.ActiveCfg = Debug|Any CPU
		{1EA3139E-35BF-43BA-BAA5-1ED2D6248E4C}.Debug|Any CPU.Build.0 = Debug|Any CPU
		{1EA3139E-35BF-43BA-BAA5-1ED2D6248E4C}.Release|Any CPU.ActiveCfg = Release|Any CPU
		{1EA3139E-35BF-43BA-BAA5-1ED2D6248E4C}.Release|Any CPU.Build.0 = Release|Any CPU
		{242C14CE-EFC5-4582-A761-B78207111CD9}.Debug|Any CPU.ActiveCfg = Debug|Any CPU
		{242C14CE-EFC5-4582-A761-B78207111CD9}.Debug|Any CPU.Build.0 = Debug|Any CPU
		{242C14CE-EFC5-4582-A761-B78207111CD9}.Release|Any CPU.ActiveCfg = Release|Any CPU
		{242C14CE-EFC5-4582-A761-B78207111CD9}.Release|Any CPU.Build.0 = Release|Any CPU
		{E723EBB7-E77A-482D-B862-A86BD6CECC8B}.Debug|Any CPU.ActiveCfg = Debug|Any CPU
		{E723EBB7-E77A-482D-B862-A86BD6CECC8B}.Debug|Any CPU.Build.0 = Debug|Any CPU
		{E723EBB7-E77A-482D-B862-A86BD6CECC8B}.Release|Any CPU.ActiveCfg = Release|Any CPU
		{E723EBB7-E77A-482D-B862-A86BD6CECC8B}.Release|Any CPU.Build.0 = Release|Any CPU
		{BCF7993C-2B7D-43A3-B99B-1E32072031FB}.Debug|Any CPU.ActiveCfg = Debug|Any CPU
		{BCF7993C-2B7D-43A3-B99B-1E32072031FB}.Debug|Any CPU.Build.0 = Debug|Any CPU
		{BCF7993C-2B7D-43A3-B99B-1E32072031FB}.Release|Any CPU.ActiveCfg = Release|Any CPU
		{BCF7993C-2B7D-43A3-B99B-1E32072031FB}.Release|Any CPU.Build.0 = Release|Any CPU
	EndGlobalSection
	GlobalSection(SolutionProperties) = preSolution
		HideSolutionNode = FALSE
	EndGlobalSection
	GlobalSection(NestedProjects) = preSolution
		{C8334CC7-29F2-48A2-BD76-75406E59C46F} = {F71F1DAC-BD40-4112-8829-FCCFF65A8A23}
		{DFB5C7D7-00FD-421C-BA2D-93A739E8ADB2} = {941686A1-8DDE-4D64-AA18-3AC347935CAF}
		{25596004-428F-400A-A02C-21A079C3CD3E} = {F71F1DAC-BD40-4112-8829-FCCFF65A8A23}
		{39355197-4FBB-4007-BE49-3CEB8ADA4CEF} = {941686A1-8DDE-4D64-AA18-3AC347935CAF}
		{914B3C27-AC1A-40A7-BCD1-05C0BC323582} = {F71F1DAC-BD40-4112-8829-FCCFF65A8A23}
		{E0FB8AB7-1527-4273-9276-E26F3C763A52} = {941686A1-8DDE-4D64-AA18-3AC347935CAF}
		{F0788EED-5EC7-4235-BCA2-53DC25032F3A} = {F71F1DAC-BD40-4112-8829-FCCFF65A8A23}
		{F5AA2804-F1A1-45E6-9720-21F45FA12053} = {941686A1-8DDE-4D64-AA18-3AC347935CAF}
		{B384908E-0336-42C2-A7FC-7731326685A3} = {528A7E80-5391-4750-B0B4-47B05160E73A}
		{48BD9AB4-212E-4DC5-BE8B-8DE6DC517693} = {528A7E80-5391-4750-B0B4-47B05160E73A}
		{9AB2DDC4-6B47-459A-B85B-21C859955199} = {528A7E80-5391-4750-B0B4-47B05160E73A}
		{81943614-4271-4E5F-A7EE-040DA21A12A2} = {9AB2DDC4-6B47-459A-B85B-21C859955199}
		{2F3AE5AA-FF74-4811-9708-F0806A64844E} = {F71F1DAC-BD40-4112-8829-FCCFF65A8A23}
		{C1EA7505-868D-49C1-B0FC-8177BA527569} = {941686A1-8DDE-4D64-AA18-3AC347935CAF}
		{21DC1358-477F-4CF0-BAB1-2DEA0BCFD6EC} = {941686A1-8DDE-4D64-AA18-3AC347935CAF}
		{7D9152AE-FC05-4AC4-B4E8-C6AA748FCECA} = {F71F1DAC-BD40-4112-8829-FCCFF65A8A23}
		{58F3FFDB-5E36-405C-AFDC-C9889682BA55} = {941686A1-8DDE-4D64-AA18-3AC347935CAF}
		{1D059F4B-134B-4AD5-BC43-5CE861BC799D} = {F71F1DAC-BD40-4112-8829-FCCFF65A8A23}
		{A0910646-19DD-438D-B674-C53F9CBE2A7F} = {941686A1-8DDE-4D64-AA18-3AC347935CAF}
		{49B737C9-3468-40B3-ABA1-F5E25A48790A} = {F71F1DAC-BD40-4112-8829-FCCFF65A8A23}
		{26510426-A698-4CD6-B58E-8A08DBFB0EB9} = {941686A1-8DDE-4D64-AA18-3AC347935CAF}
		{1EA3139E-35BF-43BA-BAA5-1ED2D6248E4C} = {941686A1-8DDE-4D64-AA18-3AC347935CAF}
		{242C14CE-EFC5-4582-A761-B78207111CD9} = {941686A1-8DDE-4D64-AA18-3AC347935CAF}
		{E723EBB7-E77A-482D-B862-A86BD6CECC8B} = {941686A1-8DDE-4D64-AA18-3AC347935CAF}
		{BCF7993C-2B7D-43A3-B99B-1E32072031FB} = {941686A1-8DDE-4D64-AA18-3AC347935CAF}
	EndGlobalSection
	GlobalSection(ExtensibilityGlobals) = postSolution
		SolutionGuid = {C20B0087-9477-4FC8-A489-4A8627C395B0}
	EndGlobalSection
EndGlobal
